PODS:
  - Alamofire (4.9.0)
  - AlamofireImage (3.5.2):
    - Alamofire (~> 4.8)
  - AlamofireObjectMapper (5.2.1):
    - Alamofire (~> 4.7)
    - ObjectMapper (~> 3.4)
  - Delayed (2.3.6)
  - Flask (1.1.31):
    - Delayed (> 2.2.2)
  - ObjectMapper (3.5.1)
  - PINCache (3.0.1-beta.7):
    - PINCache/Arc-exception-safe (= 3.0.1-beta.7)
    - PINCache/Core (= 3.0.1-beta.7)
  - PINCache/Arc-exception-safe (3.0.1-beta.7):
    - PINCache/Core
  - PINCache/Core (3.0.1-beta.7):
    - PINOperation (~> 1.1.1)
  - PINOperation (1.1.2)
  - PINRemoteImage (3.0.0-beta.14):
    - PINRemoteImage/PINCache (= 3.0.0-beta.14)
  - PINRemoteImage/Core (3.0.0-beta.14):
    - PINOperation
  - PINRemoteImage/PINCache (3.0.0-beta.14):
    - PINCache (= 3.0.1-beta.7)
    - PINRemoteImage/Core
  - SnapKit (4.0.1)

DEPENDENCIES:
  - Alamofire (~> 4.7)
  - AlamofireImage (~> 3.5)
  - AlamofireObjectMapper (~> 5.2)
  - Flask (from `../../../flask`)
  - ObjectMapper (~> 3.4)
  - PINRemoteImage (= 3.0.0-beta.14)
  - SnapKit (~> 4.0.0)

SPEC REPOS:
  https://github.com/cocoapods/specs.git:
    - Alamofire
    - AlamofireImage
    - AlamofireObjectMapper
    - Delayed
    - ObjectMapper
    - PINCache
    - PINOperation
    - PINRemoteImage
    - SnapKit

EXTERNAL SOURCES:
  Flask:
    :path: "../../../flask"

SPEC CHECKSUMS:
  Alamofire: afc3e7c6db61476cb45cdd23fed06bad03bbc321
  AlamofireImage: 63cfe3baf1370be6c498149687cf6db3e3b00999
  AlamofireObjectMapper: 1989f690e982b71921b9253f53a4f33a9bc00d88
  Delayed: 84ce53e7a16a9fb93fdda058e2a21334a6567645
  Flask: 7b96fa3791998230abf144ce474be529c5429257
  ObjectMapper: 70187b8941977c62ccfb423caf6b50be405cabf0
  PINCache: 7cb9ae068c8f655717f7c644ef1dff9fd573e979
  PINOperation: 24b774353ca248fcf87d67b2d61eef42087c125a
  PINRemoteImage: 81bbff853acc71c6de9e106e9e489a791b8bbb08
  SnapKit: 0de968a9fec17499afa29683b05d0c775b6d1c29

PODFILE CHECKSUM: 857221b9e1ce47a3a3ee63bdc3f4818777c39342

COCOAPODS: 1.7.5
