PODS:
  - Alamofire (4.9.0)
  - AlamofireImage (3.5.2):
    - Alamofire (~> 4.8)
  - AlamofireObjectMapper (5.2.1):
    - Alamofire (~> 4.7)
    - ObjectMapper (~> 3.4)
  - ChameleonFramework/Default (2.1.0)
  - ChameleonFramework/Swift (2.1.0):
    - ChameleonFramework/Default
  - Delayed (2.3.6)
  - Differentiator (4.0.1)
  - DTPhotoViewerController (3.0.2)
  - ObjectMapper (3.5.1)
  - PINCache (3.0.1-beta.7):
    - PINCache/Arc-exception-safe (= 3.0.1-beta.7)
    - PINCache/Core (= 3.0.1-beta.7)
  - PINCache/Arc-exception-safe (3.0.1-beta.7):
    - PINCache/Core
  - PINCache/Core (3.0.1-beta.7):
    - PINOperation (~> 1.1.1)
  - PINOperation (1.1.2)
  - PINRemoteImage (3.0.0-beta.14):
    - PINRemoteImage/PINCache (= 3.0.0-beta.14)
  - PINRemoteImage/Core (3.0.0-beta.14):
    - PINOperation
  - PINRemoteImage/PINCache (3.0.0-beta.14):
    - PINCache (= 3.0.1-beta.7)
    - PINRemoteImage/Core
  - ReSwift (5.0.0)
  - RxCocoa (5.0.0):
    - RxRelay (~> 5)
    - RxSwift (~> 5)
  - RxDataSources (4.0.1):
    - Differentiator (~> 4.0)
    - RxCocoa (~> 5.0)
    - RxSwift (~> 5.0)
  - RxRelay (5.0.0):
    - RxSwift (~> 5)
  - RxSwift (5.0.0)
  - RxSwiftExt (5.1.1):
    - RxSwiftExt/Core (= 5.1.1)
    - RxSwiftExt/RxCocoa (= 5.1.1)
  - RxSwiftExt/Core (5.1.1):
    - RxSwift (~> 5.0)
  - RxSwiftExt/RxCocoa (5.1.1):
    - RxCocoa (~> 5.0)
    - RxSwiftExt/Core
  - SnapKit (4.0.1)
  - SwiftDate (6.1.0)

DEPENDENCIES:
  - Alamofire (~> 4.7)
  - AlamofireImage (~> 3.5)
  - AlamofireObjectMapper (~> 5.2)
  - ChameleonFramework/Swift (from `https://github.com/ViccAlexander/Chameleon.git`)
  - Delayed
  - DTPhotoViewerController
  - ObjectMapper (~> 3.4)
  - PINRemoteImage (= 3.0.0-beta.14)
  - ReSwift (~> 5.0)
  - RxCocoa (~> 5.0)
  - RxDataSources (~> 4.0)
  - RxSwift (~> 5.0)
  - RxSwiftExt (~> 5.1)
  - SnapKit (~> 4.0.0)
  - SwiftDate (~> 6.1)

SPEC REPOS:
  https://github.com/cocoapods/specs.git:
    - Alamofire
    - AlamofireImage
    - AlamofireObjectMapper
    - Delayed
    - Differentiator
    - DTPhotoViewerController
    - ObjectMapper
    - PINCache
    - PINOperation
    - PINRemoteImage
    - ReSwift
    - RxCocoa
    - RxDataSources
    - RxRelay
    - RxSwift
    - RxSwiftExt
    - SnapKit
    - SwiftDate

EXTERNAL SOURCES:
  ChameleonFramework:
    :git: https://github.com/ViccAlexander/Chameleon.git

CHECKOUT OPTIONS:
  ChameleonFramework:
    :commit: 6dd284bde21ea2e7f9fd89bc36f40df16e16369d
    :git: https://github.com/ViccAlexander/Chameleon.git

SPEC CHECKSUMS:
  Alamofire: afc3e7c6db61476cb45cdd23fed06bad03bbc321
  AlamofireImage: 63cfe3baf1370be6c498149687cf6db3e3b00999
  AlamofireObjectMapper: 1989f690e982b71921b9253f53a4f33a9bc00d88
  ChameleonFramework: d21a3cc247abfe5e37609a283a8238b03575cf64
  Delayed: 84ce53e7a16a9fb93fdda058e2a21334a6567645
  Differentiator: 886080237d9f87f322641dedbc5be257061b0602
  DTPhotoViewerController: 20501ce30cbb7ef981c5adcc024bc4f3e6e63f1a
  ObjectMapper: 70187b8941977c62ccfb423caf6b50be405cabf0
  PINCache: 7cb9ae068c8f655717f7c644ef1dff9fd573e979
  PINOperation: 24b774353ca248fcf87d67b2d61eef42087c125a
  PINRemoteImage: 81bbff853acc71c6de9e106e9e489a791b8bbb08
  ReSwift: 628f1a9b3ee52e3b3ca2a644435472fd77afafe1
  RxCocoa: fcf32050ac00d801f34a7f71d5e8e7f23026dcd8
  RxDataSources: efee07fa4de48477eca0a4611e6d11e2da9c1114
  RxRelay: 4f7409406a51a55cd88483f21ed898c234d60f18
  RxSwift: 8b0671caa829a763bbce7271095859121cbd895f
  RxSwiftExt: 0d2fd77523a169d1459be34961b996a194bdef0e
  SnapKit: 0de968a9fec17499afa29683b05d0c775b6d1c29
  SwiftDate: fa2bb3962056bb44047b4b85a30044e5eae30b03

PODFILE CHECKSUM: 7bfab16f554ccc5405c7e2a9491c762b7acc7e8a

COCOAPODS: 1.7.5
