// !$*UTF8*$!
{
	archiveVersion = 1;
	classes = {
	};
	objectVersion = 51;
	objects = {

/* Begin PBXBuildFile section */
		264CA0202336AF4300C4293B /* AppDelegate.swift in Sources */ = {isa = PBXBuildFile; fileRef = 264CA01F2336AF4300C4293B /* AppDelegate.swift */; };
		264CA0292336AF4400C4293B /* Assets.xcassets in Resources */ = {isa = PBXBuildFile; fileRef = 264CA0282336AF4400C4293B /* Assets.xcassets */; };
		264CA02C2336AF4400C4293B /* LaunchScreen.storyboard in Resources */ = {isa = PBXBuildFile; fileRef = 264CA02A2336AF4400C4293B /* LaunchScreen.storyboard */; };
		264CA0432336AFAC00C4293B /* UIColor+Extras.swift in Sources */ = {isa = PBXBuildFile; fileRef = 264CA0422336AFAC00C4293B /* UIColor+Extras.swift */; };
		264CA0472336AFD700C4293B /* Movie.swift in Sources */ = {isa = PBXBuildFile; fileRef = 264CA0462336AFD700C4293B /* Movie.swift */; };
		264CA0492336AFED00C4293B /* Services.swift in Sources */ = {isa = PBXBuildFile; fileRef = 264CA0482336AFED00C4293B /* Services.swift */; };
		264CA04D2336B00700C4293B /* ThemeService.swift in Sources */ = {isa = PBXBuildFile; fileRef = 264CA04C2336B00700C4293B /* ThemeService.swift */; };
		264CA04F2336B01000C4293B /* APIService.swift in Sources */ = {isa = PBXBuildFile; fileRef = 264CA04E2336B01000C4293B /* APIService.swift */; };
		264CA0512336B03600C4293B /* APIEndpoints.swift in Sources */ = {isa = PBXBuildFile; fileRef = 264CA0502336B03600C4293B /* APIEndpoints.swift */; };
		264CA0532336B03E00C4293B /* APIResponses.swift in Sources */ = {isa = PBXBuildFile; fileRef = 264CA0522336B03E00C4293B /* APIResponses.swift */; };
		264CA0582336B07900C4293B /* BaseViewController.swift in Sources */ = {isa = PBXBuildFile; fileRef = 264CA0572336B07900C4293B /* BaseViewController.swift */; };
		264CA05A2336B08C00C4293B /* RootViewController.swift in Sources */ = {isa = PBXBuildFile; fileRef = 264CA0592336B08C00C4293B /* RootViewController.swift */; };
		264CA05C2336B09900C4293B /* HomeViewController.swift in Sources */ = {isa = PBXBuildFile; fileRef = 264CA05B2336B09900C4293B /* HomeViewController.swift */; };
		264CA05E2336B0A800C4293B /* FavoritesViewController.swift in Sources */ = {isa = PBXBuildFile; fileRef = 264CA05D2336B0A800C4293B /* FavoritesViewController.swift */; };
		264CA0602336B0B700C4293B /* DetailViewController.swift in Sources */ = {isa = PBXBuildFile; fileRef = 264CA05F2336B0B700C4293B /* DetailViewController.swift */; };
		264CA0622336B0C400C4293B /* ImageViewController.swift in Sources */ = {isa = PBXBuildFile; fileRef = 264CA0612336B0C400C4293B /* ImageViewController.swift */; };
		264CA0642336B0FC00C4293B /* MoviesCollectionView.swift in Sources */ = {isa = PBXBuildFile; fileRef = 264CA0632336B0FC00C4293B /* MoviesCollectionView.swift */; };
		264CA0662336B10D00C4293B /* MovieViewCell.swift in Sources */ = {isa = PBXBuildFile; fileRef = 264CA0652336B10D00C4293B /* MovieViewCell.swift */; };
		264CA0682336B11B00C4293B /* PosterView.swift in Sources */ = {isa = PBXBuildFile; fileRef = 264CA0672336B11B00C4293B /* PosterView.swift */; };
		264CA06A2336B12300C4293B /* RatingView.swift in Sources */ = {isa = PBXBuildFile; fileRef = 264CA0692336B12300C4293B /* RatingView.swift */; };
		264CA06E2336B42000C4293B /* RouterService.swift in Sources */ = {isa = PBXBuildFile; fileRef = 264CA06D2336B42000C4293B /* RouterService.swift */; };
		264CA0712336CAAB00C4293B /* FluxStore.swift in Sources */ = {isa = PBXBuildFile; fileRef = 264CA0702336CAAB00C4293B /* FluxStore.swift */; };
		264CA0732336D46E00C4293B /* FluxActions.swift in Sources */ = {isa = PBXBuildFile; fileRef = 264CA0722336D46E00C4293B /* FluxActions.swift */; };
		264CA0752336DB5500C4293B /* FavButton.swift in Sources */ = {isa = PBXBuildFile; fileRef = 264CA0742336DB5500C4293B /* FavButton.swift */; };
		264CA0782336E1B500C4293B /* FavoritesService.swift in Sources */ = {isa = PBXBuildFile; fileRef = 264CA0772336E1B500C4293B /* FavoritesService.swift */; };
		264CA07A2336E58300C4293B /* MoviesCollectionView+Favs.swift in Sources */ = {isa = PBXBuildFile; fileRef = 264CA0792336E58300C4293B /* MoviesCollectionView+Favs.swift */; };
		264CA07C2336F04900C4293B /* FluxReducer.swift in Sources */ = {isa = PBXBuildFile; fileRef = 264CA07B2336F04900C4293B /* FluxReducer.swift */; };
		264CA07E2336F08F00C4293B /* FluxPersist.swift in Sources */ = {isa = PBXBuildFile; fileRef = 264CA07D2336F08F00C4293B /* FluxPersist.swift */; };
		264CA0802336F0F900C4293B /* FluxState.swift in Sources */ = {isa = PBXBuildFile; fileRef = 264CA07F2336F0F900C4293B /* FluxState.swift */; };
		264CA0832336F4D000C4293B /* CodableService.swift in Sources */ = {isa = PBXBuildFile; fileRef = 264CA0822336F4D000C4293B /* CodableService.swift */; };
		26F94898233709870092E27E /* MovieDetailView.swift in Sources */ = {isa = PBXBuildFile; fileRef = 26F94897233709870092E27E /* MovieDetailView.swift */; };
		26F9489A23370CF50092E27E /* MovieDetailCellView.swift in Sources */ = {isa = PBXBuildFile; fileRef = 26F9489923370CF50092E27E /* MovieDetailCellView.swift */; };
		26F948A0233714830092E27E /* SimilarMoviesCell.swift in Sources */ = {isa = PBXBuildFile; fileRef = 26F9489F233714830092E27E /* SimilarMoviesCell.swift */; };
		26F948A2233714940092E27E /* SimilarMoviesView.swift in Sources */ = {isa = PBXBuildFile; fileRef = 26F948A1233714940092E27E /* SimilarMoviesView.swift */; };
		26F948A42337E05A0092E27E /* DisplayGenericCell.swift in Sources */ = {isa = PBXBuildFile; fileRef = 26F948A32337E05A0092E27E /* DisplayGenericCell.swift */; };
		26F948A623380E0D0092E27E /* APITests.swift in Sources */ = {isa = PBXBuildFile; fileRef = 26F948A523380E0D0092E27E /* APITests.swift */; };
		26F948A723380E240092E27E /* Services.swift in Sources */ = {isa = PBXBuildFile; fileRef = 264CA0482336AFED00C4293B /* Services.swift */; };
		26F948A823380E360092E27E /* CodableService.swift in Sources */ = {isa = PBXBuildFile; fileRef = 264CA0822336F4D000C4293B /* CodableService.swift */; };
		26F948A923380E360092E27E /* FavoritesService.swift in Sources */ = {isa = PBXBuildFile; fileRef = 264CA0772336E1B500C4293B /* FavoritesService.swift */; };
		26F948AA23380E360092E27E /* FluxState.swift in Sources */ = {isa = PBXBuildFile; fileRef = 264CA07F2336F0F900C4293B /* FluxState.swift */; };
		26F948AB23380E360092E27E /* FluxStore.swift in Sources */ = {isa = PBXBuildFile; fileRef = 264CA0702336CAAB00C4293B /* FluxStore.swift */; };
		26F948AC23380E360092E27E /* FluxActions.swift in Sources */ = {isa = PBXBuildFile; fileRef = 264CA0722336D46E00C4293B /* FluxActions.swift */; };
		26F948AD23380E360092E27E /* FluxReducer.swift in Sources */ = {isa = PBXBuildFile; fileRef = 264CA07B2336F04900C4293B /* FluxReducer.swift */; };
		26F948AE23380E360092E27E /* FluxPersist.swift in Sources */ = {isa = PBXBuildFile; fileRef = 264CA07D2336F08F00C4293B /* FluxPersist.swift */; };
		26F948AF23380E360092E27E /* RouterService.swift in Sources */ = {isa = PBXBuildFile; fileRef = 264CA06D2336B42000C4293B /* RouterService.swift */; };
		26F948B023380E360092E27E /* APIService.swift in Sources */ = {isa = PBXBuildFile; fileRef = 264CA04E2336B01000C4293B /* APIService.swift */; };
		26F948B123380E360092E27E /* APIEndpoints.swift in Sources */ = {isa = PBXBuildFile; fileRef = 264CA0502336B03600C4293B /* APIEndpoints.swift */; };
		26F948B223380E360092E27E /* APIResponses.swift in Sources */ = {isa = PBXBuildFile; fileRef = 264CA0522336B03E00C4293B /* APIResponses.swift */; };
		26F948B323380E360092E27E /* ThemeService.swift in Sources */ = {isa = PBXBuildFile; fileRef = 264CA04C2336B00700C4293B /* ThemeService.swift */; };
		26F948B423380F240092E27E /* BaseViewController.swift in Sources */ = {isa = PBXBuildFile; fileRef = 264CA0572336B07900C4293B /* BaseViewController.swift */; };
		26F948B523380F240092E27E /* RootViewController.swift in Sources */ = {isa = PBXBuildFile; fileRef = 264CA0592336B08C00C4293B /* RootViewController.swift */; };
		26F948B623380F240092E27E /* HomeViewController.swift in Sources */ = {isa = PBXBuildFile; fileRef = 264CA05B2336B09900C4293B /* HomeViewController.swift */; };
		26F948B723380F240092E27E /* FavoritesViewController.swift in Sources */ = {isa = PBXBuildFile; fileRef = 264CA05D2336B0A800C4293B /* FavoritesViewController.swift */; };
		26F948B823380F240092E27E /* DetailViewController.swift in Sources */ = {isa = PBXBuildFile; fileRef = 264CA05F2336B0B700C4293B /* DetailViewController.swift */; };
		26F948B923380F240092E27E /* ImageViewController.swift in Sources */ = {isa = PBXBuildFile; fileRef = 264CA0612336B0C400C4293B /* ImageViewController.swift */; };
		26F948BA23380F240092E27E /* MovieViewCell.swift in Sources */ = {isa = PBXBuildFile; fileRef = 264CA0652336B10D00C4293B /* MovieViewCell.swift */; };
		26F948BB23380F240092E27E /* DisplayGenericCell.swift in Sources */ = {isa = PBXBuildFile; fileRef = 26F948A32337E05A0092E27E /* DisplayGenericCell.swift */; };
		26F948BC23380F240092E27E /* MovieDetailCellView.swift in Sources */ = {isa = PBXBuildFile; fileRef = 26F9489923370CF50092E27E /* MovieDetailCellView.swift */; };
		26F948BD23380F240092E27E /* SimilarMoviesCell.swift in Sources */ = {isa = PBXBuildFile; fileRef = 26F9489F233714830092E27E /* SimilarMoviesCell.swift */; };
		26F948BE23380F240092E27E /* SimilarMoviesView.swift in Sources */ = {isa = PBXBuildFile; fileRef = 26F948A1233714940092E27E /* SimilarMoviesView.swift */; };
		26F948BF23380F240092E27E /* MoviesCollectionView.swift in Sources */ = {isa = PBXBuildFile; fileRef = 264CA0632336B0FC00C4293B /* MoviesCollectionView.swift */; };
		26F948C023380F240092E27E /* MoviesCollectionView+Favs.swift in Sources */ = {isa = PBXBuildFile; fileRef = 264CA0792336E58300C4293B /* MoviesCollectionView+Favs.swift */; };
		26F948C123380F240092E27E /* FavButton.swift in Sources */ = {isa = PBXBuildFile; fileRef = 264CA0742336DB5500C4293B /* FavButton.swift */; };
		26F948C223380F240092E27E /* MovieDetailView.swift in Sources */ = {isa = PBXBuildFile; fileRef = 26F94897233709870092E27E /* MovieDetailView.swift */; };
		26F948C323380F240092E27E /* PosterView.swift in Sources */ = {isa = PBXBuildFile; fileRef = 264CA0672336B11B00C4293B /* PosterView.swift */; };
		26F948C423380F240092E27E /* RatingView.swift in Sources */ = {isa = PBXBuildFile; fileRef = 264CA0692336B12300C4293B /* RatingView.swift */; };
		26F948C523380F2D0092E27E /* Movie.swift in Sources */ = {isa = PBXBuildFile; fileRef = 264CA0462336AFD700C4293B /* Movie.swift */; };
		26F948C623380F2D0092E27E /* UIColor+Extras.swift in Sources */ = {isa = PBXBuildFile; fileRef = 264CA0422336AFAC00C4293B /* UIColor+Extras.swift */; };
		780905D66E067185568E8365 /* Pods_CIE_DEMO.framework in Frameworks */ = {isa = PBXBuildFile; fileRef = 186EFE981BF4F6F9F3111C91 /* Pods_CIE_DEMO.framework */; };
		8528DBC5CCFA36B0DBEC338E /* Pods_CIE_DEMOTests.framework in Frameworks */ = {isa = PBXBuildFile; fileRef = 1F22F5E72A2E0E5F96BBAD91 /* Pods_CIE_DEMOTests.framework */; };
/* End PBXBuildFile section */

/* Begin PBXContainerItemProxy section */
		264CA0332336AF4400C4293B /* PBXContainerItemProxy */ = {
			isa = PBXContainerItemProxy;
			containerPortal = 264CA0142336AF4300C4293B /* Project object */;
			proxyType = 1;
			remoteGlobalIDString = 264CA01B2336AF4300C4293B;
			remoteInfo = "CIE-DEMO";
		};
/* End PBXContainerItemProxy section */

/* Begin PBXFileReference section */
		186EFE981BF4F6F9F3111C91 /* Pods_CIE_DEMO.framework */ = {isa = PBXFileReference; explicitFileType = wrapper.framework; includeInIndex = 0; path = Pods_CIE_DEMO.framework; sourceTree = BUILT_PRODUCTS_DIR; };
		1F22F5E72A2E0E5F96BBAD91 /* Pods_CIE_DEMOTests.framework */ = {isa = PBXFileReference; explicitFileType = wrapper.framework; includeInIndex = 0; path = Pods_CIE_DEMOTests.framework; sourceTree = BUILT_PRODUCTS_DIR; };
		258853681545C6C79163C2C8 /* Pods-CIE-DEMOTests.release.xcconfig */ = {isa = PBXFileReference; includeInIndex = 1; lastKnownFileType = text.xcconfig; name = "Pods-CIE-DEMOTests.release.xcconfig"; path = "Target Support Files/Pods-CIE-DEMOTests/Pods-CIE-DEMOTests.release.xcconfig"; sourceTree = "<group>"; };
		264CA01C2336AF4300C4293B /* CIE-DEMO.app */ = {isa = PBXFileReference; explicitFileType = wrapper.application; includeInIndex = 0; path = "CIE-DEMO.app"; sourceTree = BUILT_PRODUCTS_DIR; };
		264CA01F2336AF4300C4293B /* AppDelegate.swift */ = {isa = PBXFileReference; lastKnownFileType = sourcecode.swift; path = AppDelegate.swift; sourceTree = "<group>"; };
		264CA0282336AF4400C4293B /* Assets.xcassets */ = {isa = PBXFileReference; lastKnownFileType = folder.assetcatalog; path = Assets.xcassets; sourceTree = "<group>"; };
		264CA02B2336AF4400C4293B /* Base */ = {isa = PBXFileReference; lastKnownFileType = file.storyboard; name = Base; path = Base.lproj/LaunchScreen.storyboard; sourceTree = "<group>"; };
		264CA02D2336AF4400C4293B /* Info.plist */ = {isa = PBXFileReference; lastKnownFileType = text.plist.xml; path = Info.plist; sourceTree = "<group>"; };
		264CA0322336AF4400C4293B /* CIE-DEMOTests.xctest */ = {isa = PBXFileReference; explicitFileType = wrapper.cfbundle; includeInIndex = 0; path = "CIE-DEMOTests.xctest"; sourceTree = BUILT_PRODUCTS_DIR; };
		264CA0382336AF4400C4293B /* Info.plist */ = {isa = PBXFileReference; lastKnownFileType = text.plist.xml; path = Info.plist; sourceTree = "<group>"; };
		264CA0422336AFAC00C4293B /* UIColor+Extras.swift */ = {isa = PBXFileReference; lastKnownFileType = sourcecode.swift; path = "UIColor+Extras.swift"; sourceTree = "<group>"; };
		264CA0462336AFD700C4293B /* Movie.swift */ = {isa = PBXFileReference; lastKnownFileType = sourcecode.swift; path = Movie.swift; sourceTree = "<group>"; };
		264CA0482336AFED00C4293B /* Services.swift */ = {isa = PBXFileReference; lastKnownFileType = sourcecode.swift; path = Services.swift; sourceTree = "<group>"; };
		264CA04C2336B00700C4293B /* ThemeService.swift */ = {isa = PBXFileReference; lastKnownFileType = sourcecode.swift; path = ThemeService.swift; sourceTree = "<group>"; };
		264CA04E2336B01000C4293B /* APIService.swift */ = {isa = PBXFileReference; lastKnownFileType = sourcecode.swift; path = APIService.swift; sourceTree = "<group>"; };
		264CA0502336B03600C4293B /* APIEndpoints.swift */ = {isa = PBXFileReference; lastKnownFileType = sourcecode.swift; path = "\U001bAPIEndpoints.swift"; sourceTree = "<group>"; };
		264CA0522336B03E00C4293B /* APIResponses.swift */ = {isa = PBXFileReference; lastKnownFileType = sourcecode.swift; path = APIResponses.swift; sourceTree = "<group>"; };
		264CA0572336B07900C4293B /* BaseViewController.swift */ = {isa = PBXFileReference; lastKnownFileType = sourcecode.swift; path = BaseViewController.swift; sourceTree = "<group>"; };
		264CA0592336B08C00C4293B /* RootViewController.swift */ = {isa = PBXFileReference; lastKnownFileType = sourcecode.swift; path = RootViewController.swift; sourceTree = "<group>"; };
		264CA05B2336B09900C4293B /* HomeViewController.swift */ = {isa = PBXFileReference; lastKnownFileType = sourcecode.swift; path = HomeViewController.swift; sourceTree = "<group>"; };
		264CA05D2336B0A800C4293B /* FavoritesViewController.swift */ = {isa = PBXFileReference; lastKnownFileType = sourcecode.swift; path = FavoritesViewController.swift; sourceTree = "<group>"; };
		264CA05F2336B0B700C4293B /* DetailViewController.swift */ = {isa = PBXFileReference; lastKnownFileType = sourcecode.swift; path = DetailViewController.swift; sourceTree = "<group>"; };
		264CA0612336B0C400C4293B /* ImageViewController.swift */ = {isa = PBXFileReference; lastKnownFileType = sourcecode.swift; path = ImageViewController.swift; sourceTree = "<group>"; };
		264CA0632336B0FC00C4293B /* MoviesCollectionView.swift */ = {isa = PBXFileReference; lastKnownFileType = sourcecode.swift; path = MoviesCollectionView.swift; sourceTree = "<group>"; };
		264CA0652336B10D00C4293B /* MovieViewCell.swift */ = {isa = PBXFileReference; lastKnownFileType = sourcecode.swift; path = MovieViewCell.swift; sourceTree = "<group>"; };
		264CA0672336B11B00C4293B /* PosterView.swift */ = {isa = PBXFileReference; lastKnownFileType = sourcecode.swift; path = PosterView.swift; sourceTree = "<group>"; };
		264CA0692336B12300C4293B /* RatingView.swift */ = {isa = PBXFileReference; lastKnownFileType = sourcecode.swift; path = RatingView.swift; sourceTree = "<group>"; };
		264CA06D2336B42000C4293B /* RouterService.swift */ = {isa = PBXFileReference; lastKnownFileType = sourcecode.swift; path = RouterService.swift; sourceTree = "<group>"; };
		264CA0702336CAAB00C4293B /* FluxStore.swift */ = {isa = PBXFileReference; lastKnownFileType = sourcecode.swift; path = FluxStore.swift; sourceTree = "<group>"; };
		264CA0722336D46E00C4293B /* FluxActions.swift */ = {isa = PBXFileReference; lastKnownFileType = sourcecode.swift; path = FluxActions.swift; sourceTree = "<group>"; };
		264CA0742336DB5500C4293B /* FavButton.swift */ = {isa = PBXFileReference; lastKnownFileType = sourcecode.swift; path = FavButton.swift; sourceTree = "<group>"; };
		264CA0772336E1B500C4293B /* FavoritesService.swift */ = {isa = PBXFileReference; lastKnownFileType = sourcecode.swift; path = FavoritesService.swift; sourceTree = "<group>"; };
		264CA0792336E58300C4293B /* MoviesCollectionView+Favs.swift */ = {isa = PBXFileReference; lastKnownFileType = sourcecode.swift; path = "MoviesCollectionView+Favs.swift"; sourceTree = "<group>"; };
		264CA07B2336F04900C4293B /* FluxReducer.swift */ = {isa = PBXFileReference; lastKnownFileType = sourcecode.swift; path = FluxReducer.swift; sourceTree = "<group>"; };
		264CA07D2336F08F00C4293B /* FluxPersist.swift */ = {isa = PBXFileReference; lastKnownFileType = sourcecode.swift; path = FluxPersist.swift; sourceTree = "<group>"; };
		264CA07F2336F0F900C4293B /* FluxState.swift */ = {isa = PBXFileReference; lastKnownFileType = sourcecode.swift; path = FluxState.swift; sourceTree = "<group>"; };
		264CA0822336F4D000C4293B /* CodableService.swift */ = {isa = PBXFileReference; lastKnownFileType = sourcecode.swift; path = CodableService.swift; sourceTree = "<group>"; };
		26F94897233709870092E27E /* MovieDetailView.swift */ = {isa = PBXFileReference; lastKnownFileType = sourcecode.swift; path = MovieDetailView.swift; sourceTree = "<group>"; };
		26F9489923370CF50092E27E /* MovieDetailCellView.swift */ = {isa = PBXFileReference; lastKnownFileType = sourcecode.swift; path = MovieDetailCellView.swift; sourceTree = "<group>"; };
		26F9489F233714830092E27E /* SimilarMoviesCell.swift */ = {isa = PBXFileReference; lastKnownFileType = sourcecode.swift; path = SimilarMoviesCell.swift; sourceTree = "<group>"; };
		26F948A1233714940092E27E /* SimilarMoviesView.swift */ = {isa = PBXFileReference; lastKnownFileType = sourcecode.swift; path = SimilarMoviesView.swift; sourceTree = "<group>"; };
		26F948A32337E05A0092E27E /* DisplayGenericCell.swift */ = {isa = PBXFileReference; lastKnownFileType = sourcecode.swift; path = DisplayGenericCell.swift; sourceTree = "<group>"; };
		26F948A523380E0D0092E27E /* APITests.swift */ = {isa = PBXFileReference; lastKnownFileType = sourcecode.swift; path = APITests.swift; sourceTree = "<group>"; };
		51912EBEA85B301A2416926D /* Pods-CIE-DEMOTests.debug.xcconfig */ = {isa = PBXFileReference; includeInIndex = 1; lastKnownFileType = text.xcconfig; name = "Pods-CIE-DEMOTests.debug.xcconfig"; path = "Target Support Files/Pods-CIE-DEMOTests/Pods-CIE-DEMOTests.debug.xcconfig"; sourceTree = "<group>"; };
		86793FEEB88497ACD623067A /* Pods-CIE-DEMO.debug.xcconfig */ = {isa = PBXFileReference; includeInIndex = 1; lastKnownFileType = text.xcconfig; name = "Pods-CIE-DEMO.debug.xcconfig"; path = "Target Support Files/Pods-CIE-DEMO/Pods-CIE-DEMO.debug.xcconfig"; sourceTree = "<group>"; };
		96858EE39918FB89FE747F96 /* Pods-CIE-DEMO.release.xcconfig */ = {isa = PBXFileReference; includeInIndex = 1; lastKnownFileType = text.xcconfig; name = "Pods-CIE-DEMO.release.xcconfig"; path = "Target Support Files/Pods-CIE-DEMO/Pods-CIE-DEMO.release.xcconfig"; sourceTree = "<group>"; };
/* End PBXFileReference section */

/* Begin PBXFrameworksBuildPhase section */
		264CA0192336AF4300C4293B /* Frameworks */ = {
			isa = PBXFrameworksBuildPhase;
			buildActionMask = 2147483647;
			files = (
				780905D66E067185568E8365 /* Pods_CIE_DEMO.framework in Frameworks */,
			);
			runOnlyForDeploymentPostprocessing = 0;
		};
		264CA02F2336AF4400C4293B /* Frameworks */ = {
			isa = PBXFrameworksBuildPhase;
			buildActionMask = 2147483647;
			files = (
				8528DBC5CCFA36B0DBEC338E /* Pods_CIE_DEMOTests.framework in Frameworks */,
			);
			runOnlyForDeploymentPostprocessing = 0;
		};
/* End PBXFrameworksBuildPhase section */

/* Begin PBXGroup section */
		264CA0132336AF4300C4293B = {
			isa = PBXGroup;
			children = (
				264CA01E2336AF4300C4293B /* CIE-DEMO */,
				264CA0352336AF4400C4293B /* CIE-DEMOTests */,
				264CA01D2336AF4300C4293B /* Products */,
				D1CF756B8E6A512CDA783E08 /* Pods */,
				AF63A5EFD4E574A2D8C5458F /* Frameworks */,
			);
			sourceTree = "<group>";
		};
		264CA01D2336AF4300C4293B /* Products */ = {
			isa = PBXGroup;
			children = (
				264CA01C2336AF4300C4293B /* CIE-DEMO.app */,
				264CA0322336AF4400C4293B /* CIE-DEMOTests.xctest */,
			);
			name = Products;
			sourceTree = "<group>";
		};
		264CA01E2336AF4300C4293B /* CIE-DEMO */ = {
			isa = PBXGroup;
			children = (
				264CA0542336B05F00C4293B /* Components */,
				264CA0452336AFCC00C4293B /* Services */,
				264CA0442336AFC600C4293B /* Models */,
				264CA0412336AFA000C4293B /* Extensions */,
				264CA01F2336AF4300C4293B /* AppDelegate.swift */,
				264CA0282336AF4400C4293B /* Assets.xcassets */,
				264CA02A2336AF4400C4293B /* LaunchScreen.storyboard */,
				264CA02D2336AF4400C4293B /* Info.plist */,
			);
			path = "CIE-DEMO";
			sourceTree = "<group>";
		};
		264CA0352336AF4400C4293B /* CIE-DEMOTests */ = {
			isa = PBXGroup;
			children = (
				264CA0382336AF4400C4293B /* Info.plist */,
				26F948A523380E0D0092E27E /* APITests.swift */,
			);
			path = "CIE-DEMOTests";
			sourceTree = "<group>";
		};
		264CA0412336AFA000C4293B /* Extensions */ = {
			isa = PBXGroup;
			children = (
				264CA0422336AFAC00C4293B /* UIColor+Extras.swift */,
			);
			path = Extensions;
			sourceTree = "<group>";
		};
		264CA0442336AFC600C4293B /* Models */ = {
			isa = PBXGroup;
			children = (
				264CA0462336AFD700C4293B /* Movie.swift */,
			);
			path = Models;
			sourceTree = "<group>";
		};
		264CA0452336AFCC00C4293B /* Services */ = {
			isa = PBXGroup;
			children = (
				264CA0482336AFED00C4293B /* Services.swift */,
				264CA0812336F4C700C4293B /* Codable */,
				264CA0762336E1A600C4293B /* Favorites */,
				264CA06F2336CA9700C4293B /* Flux */,
				264CA06C2336B41500C4293B /* Router */,
				264CA04B2336AFFB00C4293B /* API */,
				264CA04A2336AFF600C4293B /* Theme */,
			);
			path = Services;
			sourceTree = "<group>";
		};
		264CA04A2336AFF600C4293B /* Theme */ = {
			isa = PBXGroup;
			children = (
				264CA04C2336B00700C4293B /* ThemeService.swift */,
			);
			path = Theme;
			sourceTree = "<group>";
		};
		264CA04B2336AFFB00C4293B /* API */ = {
			isa = PBXGroup;
			children = (
				264CA04E2336B01000C4293B /* APIService.swift */,
				264CA0502336B03600C4293B /* APIEndpoints.swift */,
				264CA0522336B03E00C4293B /* APIResponses.swift */,
			);
			path = API;
			sourceTree = "<group>";
		};
		264CA0542336B05F00C4293B /* Components */ = {
			isa = PBXGroup;
			children = (
				264CA0562336B06D00C4293B /* Controllers */,
				264CA0552336B06600C4293B /* Shared */,
			);
			path = Components;
			sourceTree = "<group>";
		};
		264CA0552336B06600C4293B /* Shared */ = {
			isa = PBXGroup;
			children = (
				26F9489B23370D1D0092E27E /* Cells */,
				26F9489E23370D560092E27E /* Collections */,
				26F9489D23370D3A0092E27E /* Buttons */,
				26F9489C23370D2A0092E27E /* Displays */,
			);
			path = Shared;
			sourceTree = "<group>";
		};
		264CA0562336B06D00C4293B /* Controllers */ = {
			isa = PBXGroup;
			children = (
				264CA0572336B07900C4293B /* BaseViewController.swift */,
				264CA0592336B08C00C4293B /* RootViewController.swift */,
				264CA05B2336B09900C4293B /* HomeViewController.swift */,
				264CA05D2336B0A800C4293B /* FavoritesViewController.swift */,
				264CA05F2336B0B700C4293B /* DetailViewController.swift */,
				264CA0612336B0C400C4293B /* ImageViewController.swift */,
			);
			path = Controllers;
			sourceTree = "<group>";
		};
		264CA06C2336B41500C4293B /* Router */ = {
			isa = PBXGroup;
			children = (
				264CA06D2336B42000C4293B /* RouterService.swift */,
			);
			path = Router;
			sourceTree = "<group>";
		};
		264CA06F2336CA9700C4293B /* Flux */ = {
			isa = PBXGroup;
			children = (
				264CA07F2336F0F900C4293B /* FluxState.swift */,
				264CA0702336CAAB00C4293B /* FluxStore.swift */,
				264CA0722336D46E00C4293B /* FluxActions.swift */,
				264CA07B2336F04900C4293B /* FluxReducer.swift */,
				264CA07D2336F08F00C4293B /* FluxPersist.swift */,
			);
			path = Flux;
			sourceTree = "<group>";
		};
		264CA0762336E1A600C4293B /* Favorites */ = {
			isa = PBXGroup;
			children = (
				264CA0772336E1B500C4293B /* FavoritesService.swift */,
			);
			path = Favorites;
			sourceTree = "<group>";
		};
		264CA0812336F4C700C4293B /* Codable */ = {
			isa = PBXGroup;
			children = (
				264CA0822336F4D000C4293B /* CodableService.swift */,
			);
			path = Codable;
			sourceTree = "<group>";
		};
		26F9489B23370D1D0092E27E /* Cells */ = {
			isa = PBXGroup;
			children = (
				264CA0652336B10D00C4293B /* MovieViewCell.swift */,
				26F948A32337E05A0092E27E /* DisplayGenericCell.swift */,
				26F9489923370CF50092E27E /* MovieDetailCellView.swift */,
				26F9489F233714830092E27E /* SimilarMoviesCell.swift */,
			);
			path = Cells;
			sourceTree = "<group>";
		};
		26F9489C23370D2A0092E27E /* Displays */ = {
			isa = PBXGroup;
			children = (
				26F94897233709870092E27E /* MovieDetailView.swift */,
				264CA0672336B11B00C4293B /* PosterView.swift */,
				264CA0692336B12300C4293B /* RatingView.swift */,
			);
			path = Displays;
			sourceTree = "<group>";
		};
		26F9489D23370D3A0092E27E /* Buttons */ = {
			isa = PBXGroup;
			children = (
				264CA0742336DB5500C4293B /* FavButton.swift */,
			);
			path = Buttons;
			sourceTree = "<group>";
		};
		26F9489E23370D560092E27E /* Collections */ = {
			isa = PBXGroup;
			children = (
				26F948A1233714940092E27E /* SimilarMoviesView.swift */,
				264CA0632336B0FC00C4293B /* MoviesCollectionView.swift */,
				264CA0792336E58300C4293B /* MoviesCollectionView+Favs.swift */,
			);
			path = Collections;
			sourceTree = "<group>";
		};
		AF63A5EFD4E574A2D8C5458F /* Frameworks */ = {
			isa = PBXGroup;
			children = (
				186EFE981BF4F6F9F3111C91 /* Pods_CIE_DEMO.framework */,
				1F22F5E72A2E0E5F96BBAD91 /* Pods_CIE_DEMOTests.framework */,
			);
			name = Frameworks;
			sourceTree = "<group>";
		};
		D1CF756B8E6A512CDA783E08 /* Pods */ = {
			isa = PBXGroup;
			children = (
				86793FEEB88497ACD623067A /* Pods-CIE-DEMO.debug.xcconfig */,
				96858EE39918FB89FE747F96 /* Pods-CIE-DEMO.release.xcconfig */,
				51912EBEA85B301A2416926D /* Pods-CIE-DEMOTests.debug.xcconfig */,
				258853681545C6C79163C2C8 /* Pods-CIE-DEMOTests.release.xcconfig */,
			);
			path = Pods;
			sourceTree = "<group>";
		};
/* End PBXGroup section */

/* Begin PBXNativeTarget section */
		264CA01B2336AF4300C4293B /* CIE-DEMO */ = {
			isa = PBXNativeTarget;
			buildConfigurationList = 264CA03B2336AF4400C4293B /* Build configuration list for PBXNativeTarget "CIE-DEMO" */;
			buildPhases = (
				88C5433754FAB50EC4ED1BD6 /* [CP] Check Pods Manifest.lock */,
				264CA0182336AF4300C4293B /* Sources */,
				264CA0192336AF4300C4293B /* Frameworks */,
				264CA01A2336AF4300C4293B /* Resources */,
				C74CDDB2FF401AD83F1E0AED /* [CP] Embed Pods Frameworks */,
			);
			buildRules = (
			);
			dependencies = (
			);
			name = "CIE-DEMO";
			productName = "CIE-DEMO";
			productReference = 264CA01C2336AF4300C4293B /* CIE-DEMO.app */;
			productType = "com.apple.product-type.application";
		};
		264CA0312336AF4400C4293B /* CIE-DEMOTests */ = {
			isa = PBXNativeTarget;
			buildConfigurationList = 264CA03E2336AF4400C4293B /* Build configuration list for PBXNativeTarget "CIE-DEMOTests" */;
			buildPhases = (
				C45C86D7147B378F91F9FF47 /* [CP] Check Pods Manifest.lock */,
				264CA02E2336AF4400C4293B /* Sources */,
				264CA02F2336AF4400C4293B /* Frameworks */,
				264CA0302336AF4400C4293B /* Resources */,
				35C115492849C2B36DF1611B /* [CP] Embed Pods Frameworks */,
			);
			buildRules = (
			);
			dependencies = (
				264CA0342336AF4400C4293B /* PBXTargetDependency */,
			);
			name = "CIE-DEMOTests";
			productName = "CIE-DEMOTests";
			productReference = 264CA0322336AF4400C4293B /* CIE-DEMOTests.xctest */;
			productType = "com.apple.product-type.bundle.unit-test";
		};
/* End PBXNativeTarget section */

/* Begin PBXProject section */
		264CA0142336AF4300C4293B /* Project object */ = {
			isa = PBXProject;
			attributes = {
				LastSwiftUpdateCheck = 1030;
				LastUpgradeCheck = 1030;
				ORGANIZATIONNAME = eonflux;
				TargetAttributes = {
					264CA01B2336AF4300C4293B = {
						CreatedOnToolsVersion = 10.3;
					};
					264CA0312336AF4400C4293B = {
						CreatedOnToolsVersion = 10.3;
						TestTargetID = 264CA01B2336AF4300C4293B;
					};
				};
			};
			buildConfigurationList = 264CA0172336AF4300C4293B /* Build configuration list for PBXProject "CIE-DEMO" */;
			compatibilityVersion = "Xcode 9.3";
			developmentRegion = en;
			hasScannedForEncodings = 0;
			knownRegions = (
				en,
				Base,
			);
			mainGroup = 264CA0132336AF4300C4293B;
			productRefGroup = 264CA01D2336AF4300C4293B /* Products */;
			projectDirPath = "";
			projectRoot = "";
			targets = (
				264CA01B2336AF4300C4293B /* CIE-DEMO */,
				264CA0312336AF4400C4293B /* CIE-DEMOTests */,
			);
		};
/* End PBXProject section */

/* Begin PBXResourcesBuildPhase section */
		264CA01A2336AF4300C4293B /* Resources */ = {
			isa = PBXResourcesBuildPhase;
			buildActionMask = 2147483647;
			files = (
				264CA02C2336AF4400C4293B /* LaunchScreen.storyboard in Resources */,
				264CA0292336AF4400C4293B /* Assets.xcassets in Resources */,
			);
			runOnlyForDeploymentPostprocessing = 0;
		};
		264CA0302336AF4400C4293B /* Resources */ = {
			isa = PBXResourcesBuildPhase;
			buildActionMask = 2147483647;
			files = (
			);
			runOnlyForDeploymentPostprocessing = 0;
		};
/* End PBXResourcesBuildPhase section */

/* Begin PBXShellScriptBuildPhase section */
		35C115492849C2B36DF1611B /* [CP] Embed Pods Frameworks */ = {
			isa = PBXShellScriptBuildPhase;
			buildActionMask = 2147483647;
			files = (
			);
			inputFileListPaths = (
				"${PODS_ROOT}/Target Support Files/Pods-CIE-DEMOTests/Pods-CIE-DEMOTests-frameworks-${CONFIGURATION}-input-files.xcfilelist",
			);
			name = "[CP] Embed Pods Frameworks";
			outputFileListPaths = (
				"${PODS_ROOT}/Target Support Files/Pods-CIE-DEMOTests/Pods-CIE-DEMOTests-frameworks-${CONFIGURATION}-output-files.xcfilelist",
			);
			runOnlyForDeploymentPostprocessing = 0;
			shellPath = /bin/sh;
			shellScript = "\"${PODS_ROOT}/Target Support Files/Pods-CIE-DEMOTests/Pods-CIE-DEMOTests-frameworks.sh\"\n";
			showEnvVarsInLog = 0;
		};
		88C5433754FAB50EC4ED1BD6 /* [CP] Check Pods Manifest.lock */ = {
			isa = PBXShellScriptBuildPhase;
			buildActionMask = 2147483647;
			files = (
			);
			inputFileListPaths = (
			);
			inputPaths = (
				"${PODS_PODFILE_DIR_PATH}/Podfile.lock",
				"${PODS_ROOT}/Manifest.lock",
			);
			name = "[CP] Check Pods Manifest.lock";
			outputFileListPaths = (
			);
			outputPaths = (
				"$(DERIVED_FILE_DIR)/Pods-CIE-DEMO-checkManifestLockResult.txt",
			);
			runOnlyForDeploymentPostprocessing = 0;
			shellPath = /bin/sh;
			shellScript = "diff \"${PODS_PODFILE_DIR_PATH}/Podfile.lock\" \"${PODS_ROOT}/Manifest.lock\" > /dev/null\nif [ $? != 0 ] ; then\n    # print error to STDERR\n    echo \"error: The sandbox is not in sync with the Podfile.lock. Run 'pod install' or update your CocoaPods installation.\" >&2\n    exit 1\nfi\n# This output is used by Xcode 'outputs' to avoid re-running this script phase.\necho \"SUCCESS\" > \"${SCRIPT_OUTPUT_FILE_0}\"\n";
			showEnvVarsInLog = 0;
		};
		C45C86D7147B378F91F9FF47 /* [CP] Check Pods Manifest.lock */ = {
			isa = PBXShellScriptBuildPhase;
			buildActionMask = 2147483647;
			files = (
			);
			inputFileListPaths = (
			);
			inputPaths = (
				"${PODS_PODFILE_DIR_PATH}/Podfile.lock",
				"${PODS_ROOT}/Manifest.lock",
			);
			name = "[CP] Check Pods Manifest.lock";
			outputFileListPaths = (
			);
			outputPaths = (
				"$(DERIVED_FILE_DIR)/Pods-CIE-DEMOTests-checkManifestLockResult.txt",
			);
			runOnlyForDeploymentPostprocessing = 0;
			shellPath = /bin/sh;
			shellScript = "diff \"${PODS_PODFILE_DIR_PATH}/Podfile.lock\" \"${PODS_ROOT}/Manifest.lock\" > /dev/null\nif [ $? != 0 ] ; then\n    # print error to STDERR\n    echo \"error: The sandbox is not in sync with the Podfile.lock. Run 'pod install' or update your CocoaPods installation.\" >&2\n    exit 1\nfi\n# This output is used by Xcode 'outputs' to avoid re-running this script phase.\necho \"SUCCESS\" > \"${SCRIPT_OUTPUT_FILE_0}\"\n";
			showEnvVarsInLog = 0;
		};
		C74CDDB2FF401AD83F1E0AED /* [CP] Embed Pods Frameworks */ = {
			isa = PBXShellScriptBuildPhase;
			buildActionMask = 2147483647;
			files = (
			);
			inputFileListPaths = (
				"${PODS_ROOT}/Target Support Files/Pods-CIE-DEMO/Pods-CIE-DEMO-frameworks-${CONFIGURATION}-input-files.xcfilelist",
			);
			name = "[CP] Embed Pods Frameworks";
			outputFileListPaths = (
				"${PODS_ROOT}/Target Support Files/Pods-CIE-DEMO/Pods-CIE-DEMO-frameworks-${CONFIGURATION}-output-files.xcfilelist",
			);
			runOnlyForDeploymentPostprocessing = 0;
			shellPath = /bin/sh;
			shellScript = "\"${PODS_ROOT}/Target Support Files/Pods-CIE-DEMO/Pods-CIE-DEMO-frameworks.sh\"\n";
			showEnvVarsInLog = 0;
		};
/* End PBXShellScriptBuildPhase section */

/* Begin PBXSourcesBuildPhase section */
		264CA0182336AF4300C4293B /* Sources */ = {
			isa = PBXSourcesBuildPhase;
			buildActionMask = 2147483647;
			files = (
				264CA0532336B03E00C4293B /* APIResponses.swift in Sources */,
				264CA05E2336B0A800C4293B /* FavoritesViewController.swift in Sources */,
				264CA06A2336B12300C4293B /* RatingView.swift in Sources */,
				26F94898233709870092E27E /* MovieDetailView.swift in Sources */,
				264CA07C2336F04900C4293B /* FluxReducer.swift in Sources */,
				26F948A0233714830092E27E /* SimilarMoviesCell.swift in Sources */,
				264CA05A2336B08C00C4293B /* RootViewController.swift in Sources */,
				264CA0582336B07900C4293B /* BaseViewController.swift in Sources */,
				264CA0642336B0FC00C4293B /* MoviesCollectionView.swift in Sources */,
				264CA0492336AFED00C4293B /* Services.swift in Sources */,
				264CA07A2336E58300C4293B /* MoviesCollectionView+Favs.swift in Sources */,
				264CA0752336DB5500C4293B /* FavButton.swift in Sources */,
				264CA0622336B0C400C4293B /* ImageViewController.swift in Sources */,
				264CA0202336AF4300C4293B /* AppDelegate.swift in Sources */,
				264CA0512336B03600C4293B /* APIEndpoints.swift in Sources */,
				264CA0732336D46E00C4293B /* FluxActions.swift in Sources */,
				264CA0432336AFAC00C4293B /* UIColor+Extras.swift in Sources */,
				26F948A2233714940092E27E /* SimilarMoviesView.swift in Sources */,
				264CA07E2336F08F00C4293B /* FluxPersist.swift in Sources */,
				26F948A42337E05A0092E27E /* DisplayGenericCell.swift in Sources */,
				264CA0802336F0F900C4293B /* FluxState.swift in Sources */,
				264CA04D2336B00700C4293B /* ThemeService.swift in Sources */,
				264CA04F2336B01000C4293B /* APIService.swift in Sources */,
				264CA0602336B0B700C4293B /* DetailViewController.swift in Sources */,
				264CA0712336CAAB00C4293B /* FluxStore.swift in Sources */,
				264CA05C2336B09900C4293B /* HomeViewController.swift in Sources */,
				264CA0782336E1B500C4293B /* FavoritesService.swift in Sources */,
				264CA0472336AFD700C4293B /* Movie.swift in Sources */,
				264CA06E2336B42000C4293B /* RouterService.swift in Sources */,
				26F9489A23370CF50092E27E /* MovieDetailCellView.swift in Sources */,
				264CA0662336B10D00C4293B /* MovieViewCell.swift in Sources */,
				264CA0832336F4D000C4293B /* CodableService.swift in Sources */,
				264CA0682336B11B00C4293B /* PosterView.swift in Sources */,
			);
			runOnlyForDeploymentPostprocessing = 0;
		};
		264CA02E2336AF4400C4293B /* Sources */ = {
			isa = PBXSourcesBuildPhase;
			buildActionMask = 2147483647;
			files = (
				26F948C223380F240092E27E /* MovieDetailView.swift in Sources */,
				26F948A923380E360092E27E /* FavoritesService.swift in Sources */,
				26F948B523380F240092E27E /* RootViewController.swift in Sources */,
				26F948BC23380F240092E27E /* MovieDetailCellView.swift in Sources */,
				26F948A623380E0D0092E27E /* APITests.swift in Sources */,
				26F948AF23380E360092E27E /* RouterService.swift in Sources */,
				26F948AD23380E360092E27E /* FluxReducer.swift in Sources */,
				26F948B623380F240092E27E /* HomeViewController.swift in Sources */,
				26F948BE23380F240092E27E /* SimilarMoviesView.swift in Sources */,
				26F948BB23380F240092E27E /* DisplayGenericCell.swift in Sources */,
				26F948A723380E240092E27E /* Services.swift in Sources */,
				26F948C423380F240092E27E /* RatingView.swift in Sources */,
				26F948BF23380F240092E27E /* MoviesCollectionView.swift in Sources */,
				26F948B823380F240092E27E /* DetailViewController.swift in Sources */,
				26F948B323380E360092E27E /* ThemeService.swift in Sources */,
				26F948C323380F240092E27E /* PosterView.swift in Sources */,
				26F948BD23380F240092E27E /* SimilarMoviesCell.swift in Sources */,
				26F948B223380E360092E27E /* APIResponses.swift in Sources */,
				26F948B923380F240092E27E /* ImageViewController.swift in Sources */,
				26F948C123380F240092E27E /* FavButton.swift in Sources */,
				26F948C523380F2D0092E27E /* Movie.swift in Sources */,
				26F948A823380E360092E27E /* CodableService.swift in Sources */,
				26F948B723380F240092E27E /* FavoritesViewController.swift in Sources */,
				26F948AC23380E360092E27E /* FluxActions.swift in Sources */,
				26F948C023380F240092E27E /* MoviesCollectionView+Favs.swift in Sources */,
				26F948AB23380E360092E27E /* FluxStore.swift in Sources */,
				26F948C623380F2D0092E27E /* UIColor+Extras.swift in Sources */,
				26F948B123380E360092E27E /* APIEndpoints.swift in Sources */,
				26F948AE23380E360092E27E /* FluxPersist.swift in Sources */,
				26F948BA23380F240092E27E /* MovieViewCell.swift in Sources */,
				26F948AA23380E360092E27E /* FluxState.swift in Sources */,
				26F948B423380F240092E27E /* BaseViewController.swift in Sources */,
				26F948B023380E360092E27E /* APIService.swift in Sources */,
			);
			runOnlyForDeploymentPostprocessing = 0;
		};
/* End PBXSourcesBuildPhase section */

/* Begin PBXTargetDependency section */
		264CA0342336AF4400C4293B /* PBXTargetDependency */ = {
			isa = PBXTargetDependency;
			target = 264CA01B2336AF4300C4293B /* CIE-DEMO */;
			targetProxy = 264CA0332336AF4400C4293B /* PBXContainerItemProxy */;
		};
/* End PBXTargetDependency section */

/* Begin PBXVariantGroup section */
		264CA02A2336AF4400C4293B /* LaunchScreen.storyboard */ = {
			isa = PBXVariantGroup;
			children = (
				264CA02B2336AF4400C4293B /* Base */,
			);
			name = LaunchScreen.storyboard;
			sourceTree = "<group>";
		};
/* End PBXVariantGroup section */

/* Begin XCBuildConfiguration section */
		264CA0392336AF4400C4293B /* Debug */ = {
			isa = XCBuildConfiguration;
			buildSettings = {
				ALWAYS_SEARCH_USER_PATHS = NO;
				CLANG_ANALYZER_NONNULL = YES;
				CLANG_ANALYZER_NUMBER_OBJECT_CONVERSION = YES_AGGRESSIVE;
				CLANG_CXX_LANGUAGE_STANDARD = "gnu++14";
				CLANG_CXX_LIBRARY = "libc++";
				CLANG_ENABLE_MODULES = YES;
				CLANG_ENABLE_OBJC_ARC = YES;
				CLANG_ENABLE_OBJC_WEAK = YES;
				CLANG_WARN_BLOCK_CAPTURE_AUTORELEASING = YES;
				CLANG_WARN_BOOL_CONVERSION = YES;
				CLANG_WARN_COMMA = YES;
				CLANG_WARN_CONSTANT_CONVERSION = YES;
				CLANG_WARN_DEPRECATED_OBJC_IMPLEMENTATIONS = YES;
				CLANG_WARN_DIRECT_OBJC_ISA_USAGE = YES_ERROR;
				CLANG_WARN_DOCUMENTATION_COMMENTS = YES;
				CLANG_WARN_EMPTY_BODY = YES;
				CLANG_WARN_ENUM_CONVERSION = YES;
				CLANG_WARN_INFINITE_RECURSION = YES;
				CLANG_WARN_INT_CONVERSION = YES;
				CLANG_WARN_NON_LITERAL_NULL_CONVERSION = YES;
				CLANG_WARN_OBJC_IMPLICIT_RETAIN_SELF = YES;
				CLANG_WARN_OBJC_LITERAL_CONVERSION = YES;
				CLANG_WARN_OBJC_ROOT_CLASS = YES_ERROR;
				CLANG_WARN_RANGE_LOOP_ANALYSIS = YES;
				CLANG_WARN_STRICT_PROTOTYPES = YES;
				CLANG_WARN_SUSPICIOUS_MOVE = YES;
				CLANG_WARN_UNGUARDED_AVAILABILITY = YES_AGGRESSIVE;
				CLANG_WARN_UNREACHABLE_CODE = YES;
				CLANG_WARN__DUPLICATE_METHOD_MATCH = YES;
				CODE_SIGN_IDENTITY = "iPhone Developer";
				COPY_PHASE_STRIP = NO;
				DEBUG_INFORMATION_FORMAT = dwarf;
				ENABLE_STRICT_OBJC_MSGSEND = YES;
				ENABLE_TESTABILITY = YES;
				GCC_C_LANGUAGE_STANDARD = gnu11;
				GCC_DYNAMIC_NO_PIC = NO;
				GCC_NO_COMMON_BLOCKS = YES;
				GCC_OPTIMIZATION_LEVEL = 0;
				GCC_PREPROCESSOR_DEFINITIONS = (
					"DEBUG=1",
					"$(inherited)",
				);
				GCC_WARN_64_TO_32_BIT_CONVERSION = YES;
				GCC_WARN_ABOUT_RETURN_TYPE = YES_ERROR;
				GCC_WARN_UNDECLARED_SELECTOR = YES;
				GCC_WARN_UNINITIALIZED_AUTOS = YES_AGGRESSIVE;
				GCC_WARN_UNUSED_FUNCTION = YES;
				GCC_WARN_UNUSED_VARIABLE = YES;
				IPHONEOS_DEPLOYMENT_TARGET = 12.4;
				MTL_ENABLE_DEBUG_INFO = INCLUDE_SOURCE;
				MTL_FAST_MATH = YES;
				ONLY_ACTIVE_ARCH = YES;
				SDKROOT = iphoneos;
				SWIFT_ACTIVE_COMPILATION_CONDITIONS = DEBUG;
				SWIFT_OPTIMIZATION_LEVEL = "-Onone";
			};
			name = Debug;
		};
		264CA03A2336AF4400C4293B /* Release */ = {
			isa = XCBuildConfiguration;
			buildSettings = {
				ALWAYS_SEARCH_USER_PATHS = NO;
				CLANG_ANALYZER_NONNULL = YES;
				CLANG_ANALYZER_NUMBER_OBJECT_CONVERSION = YES_AGGRESSIVE;
				CLANG_CXX_LANGUAGE_STANDARD = "gnu++14";
				CLANG_CXX_LIBRARY = "libc++";
				CLANG_ENABLE_MODULES = YES;
				CLANG_ENABLE_OBJC_ARC = YES;
				CLANG_ENABLE_OBJC_WEAK = YES;
				CLANG_WARN_BLOCK_CAPTURE_AUTORELEASING = YES;
				CLANG_WARN_BOOL_CONVERSION = YES;
				CLANG_WARN_COMMA = YES;
				CLANG_WARN_CONSTANT_CONVERSION = YES;
				CLANG_WARN_DEPRECATED_OBJC_IMPLEMENTATIONS = YES;
				CLANG_WARN_DIRECT_OBJC_ISA_USAGE = YES_ERROR;
				CLANG_WARN_DOCUMENTATION_COMMENTS = YES;
				CLANG_WARN_EMPTY_BODY = YES;
				CLANG_WARN_ENUM_CONVERSION = YES;
				CLANG_WARN_INFINITE_RECURSION = YES;
				CLANG_WARN_INT_CONVERSION = YES;
				CLANG_WARN_NON_LITERAL_NULL_CONVERSION = YES;
				CLANG_WARN_OBJC_IMPLICIT_RETAIN_SELF = YES;
				CLANG_WARN_OBJC_LITERAL_CONVERSION = YES;
				CLANG_WARN_OBJC_ROOT_CLASS = YES_ERROR;
				CLANG_WARN_RANGE_LOOP_ANALYSIS = YES;
				CLANG_WARN_STRICT_PROTOTYPES = YES;
				CLANG_WARN_SUSPICIOUS_MOVE = YES;
				CLANG_WARN_UNGUARDED_AVAILABILITY = YES_AGGRESSIVE;
				CLANG_WARN_UNREACHABLE_CODE = YES;
				CLANG_WARN__DUPLICATE_METHOD_MATCH = YES;
				CODE_SIGN_IDENTITY = "iPhone Developer";
				COPY_PHASE_STRIP = NO;
				DEBUG_INFORMATION_FORMAT = "dwarf-with-dsym";
				ENABLE_NS_ASSERTIONS = NO;
				ENABLE_STRICT_OBJC_MSGSEND = YES;
				GCC_C_LANGUAGE_STANDARD = gnu11;
				GCC_NO_COMMON_BLOCKS = YES;
				GCC_WARN_64_TO_32_BIT_CONVERSION = YES;
				GCC_WARN_ABOUT_RETURN_TYPE = YES_ERROR;
				GCC_WARN_UNDECLARED_SELECTOR = YES;
				GCC_WARN_UNINITIALIZED_AUTOS = YES_AGGRESSIVE;
				GCC_WARN_UNUSED_FUNCTION = YES;
				GCC_WARN_UNUSED_VARIABLE = YES;
				IPHONEOS_DEPLOYMENT_TARGET = 12.4;
				MTL_ENABLE_DEBUG_INFO = NO;
				MTL_FAST_MATH = YES;
				SDKROOT = iphoneos;
				SWIFT_COMPILATION_MODE = wholemodule;
				SWIFT_OPTIMIZATION_LEVEL = "-O";
				VALIDATE_PRODUCT = YES;
			};
			name = Release;
		};
		264CA03C2336AF4400C4293B /* Debug */ = {
			isa = XCBuildConfiguration;
			baseConfigurationReference = 86793FEEB88497ACD623067A /* Pods-CIE-DEMO.debug.xcconfig */;
			buildSettings = {
				ASSETCATALOG_COMPILER_APPICON_NAME = AppIcon;
				CODE_SIGN_STYLE = Automatic;
				DEVELOPMENT_TEAM = QL65L72292;
				INFOPLIST_FILE = "CIE-DEMO/Info.plist";
				LD_RUNPATH_SEARCH_PATHS = (
					"$(inherited)",
					"@executable_path/Frameworks",
				);
				PRODUCT_BUNDLE_IDENTIFIER = "eonflux.CIE-DEMO";
				PRODUCT_NAME = "$(TARGET_NAME)";
				SWIFT_VERSION = 5.0;
				TARGETED_DEVICE_FAMILY = "1,2";
			};
			name = Debug;
		};
		264CA03D2336AF4400C4293B /* Release */ = {
			isa = XCBuildConfiguration;
			baseConfigurationReference = 96858EE39918FB89FE747F96 /* Pods-CIE-DEMO.release.xcconfig */;
			buildSettings = {
				ASSETCATALOG_COMPILER_APPICON_NAME = AppIcon;
				CODE_SIGN_STYLE = Automatic;
				DEVELOPMENT_TEAM = QL65L72292;
				INFOPLIST_FILE = "CIE-DEMO/Info.plist";
				LD_RUNPATH_SEARCH_PATHS = (
					"$(inherited)",
					"@executable_path/Frameworks",
				);
				PRODUCT_BUNDLE_IDENTIFIER = "eonflux.CIE-DEMO";
				PRODUCT_NAME = "$(TARGET_NAME)";
				SWIFT_VERSION = 5.0;
				TARGETED_DEVICE_FAMILY = "1,2";
			};
			name = Release;
		};
		264CA03F2336AF4400C4293B /* Debug */ = {
			isa = XCBuildConfiguration;
			baseConfigurationReference = 51912EBEA85B301A2416926D /* Pods-CIE-DEMOTests.debug.xcconfig */;
			buildSettings = {
				ALWAYS_EMBED_SWIFT_STANDARD_LIBRARIES = YES;
				BUNDLE_LOADER = "$(TEST_HOST)";
				CODE_SIGN_STYLE = Automatic;
				INFOPLIST_FILE = "CIE-DEMOTests/Info.plist";
				LD_RUNPATH_SEARCH_PATHS = (
					"$(inherited)",
					"@executable_path/Frameworks",
					"@loader_path/Frameworks",
				);
				PRODUCT_BUNDLE_IDENTIFIER = "eonflux.CIE-DEMOTests";
				PRODUCT_NAME = "$(TARGET_NAME)";
				SWIFT_VERSION = 5.0;
				TARGETED_DEVICE_FAMILY = "1,2";
				TEST_HOST = "$(BUILT_PRODUCTS_DIR)/CIE-DEMO.app/CIE-DEMO";
			};
			name = Debug;
		};
		264CA0402336AF4400C4293B /* Release */ = {
			isa = XCBuildConfiguration;
			baseConfigurationReference = 258853681545C6C79163C2C8 /* Pods-CIE-DEMOTests.release.xcconfig */;
			buildSettings = {
				ALWAYS_EMBED_SWIFT_STANDARD_LIBRARIES = YES;
				BUNDLE_LOADER = "$(TEST_HOST)";
				CODE_SIGN_STYLE = Automatic;
				INFOPLIST_FILE = "CIE-DEMOTests/Info.plist";
				LD_RUNPATH_SEARCH_PATHS = (
					"$(inherited)",
					"@executable_path/Frameworks",
					"@loader_path/Frameworks",
				);
				PRODUCT_BUNDLE_IDENTIFIER = "eonflux.CIE-DEMOTests";
				PRODUCT_NAME = "$(TARGET_NAME)";
				SWIFT_VERSION = 5.0;
				TARGETED_DEVICE_FAMILY = "1,2";
				TEST_HOST = "$(BUILT_PRODUCTS_DIR)/CIE-DEMO.app/CIE-DEMO";
			};
			name = Release;
		};
/* End XCBuildConfiguration section */

/* Begin XCConfigurationList section */
		264CA0172336AF4300C4293B /* Build configuration list for PBXProject "CIE-DEMO" */ = {
			isa = XCConfigurationList;
			buildConfigurations = (
				264CA0392336AF4400C4293B /* Debug */,
				264CA03A2336AF4400C4293B /* Release */,
			);
			defaultConfigurationIsVisible = 0;
			defaultConfigurationName = Release;
		};
		264CA03B2336AF4400C4293B /* Build configuration list for PBXNativeTarget "CIE-DEMO" */ = {
			isa = XCConfigurationList;
			buildConfigurations = (
				264CA03C2336AF4400C4293B /* Debug */,
				264CA03D2336AF4400C4293B /* Release */,
			);
			defaultConfigurationIsVisible = 0;
			defaultConfigurationName = Release;
		};
		264CA03E2336AF4400C4293B /* Build configuration list for PBXNativeTarget "CIE-DEMOTests" */ = {
			isa = XCConfigurationList;
			buildConfigurations = (
				264CA03F2336AF4400C4293B /* Debug */,
				264CA0402336AF4400C4293B /* Release */,
			);
			defaultConfigurationIsVisible = 0;
			defaultConfigurationName = Release;
		};
/* End XCConfigurationList section */
	};
	rootObject = 264CA0142336AF4300C4293B /* Project object */;
}
